{
  "dependencies": {
    "cornerstone-core": {
      "version": "1.1.2",
      "resolved": "https://registry.npmjs.org/cornerstone-core/-/cornerstone-core-1.1.2.tgz",
      "from": "cornerstone-core@1.1.2"
    },
    "cornerstone-math": {
      "version": "0.1.6",
      "resolved": "https://registry.npmjs.org/cornerstone-math/-/cornerstone-math-0.1.6.tgz",
      "from": "cornerstone-math@0.1.6"
    },
    "cornerstone-tools": {
      "version": "1.0.3",
      "resolved": "https://registry.npmjs.org/cornerstone-tools/-/cornerstone-tools-1.0.3.tgz",
      "from": "cornerstone-tools@1.0.3"
    },
    "cornerstone-wado-image-loader": {
      "version": "1.0.1",
      "resolved": "https://registry.npmjs.org/cornerstone-wado-image-loader/-/cornerstone-wado-image-loader-1.0.1.tgz",
      "from": "cornerstone-wado-image-loader@1.0.1",
      "dependencies": {
        "jquery": {
          "version": "3.3.1",
          "resolved": "https://registry.npmjs.org/jquery/-/jquery-3.3.1.tgz",
          "from": "jquery@>=3.2.1 <4.0.0"
        }
      }
    },
    "dicom-parser": {
      "version": "1.7.6",
      "resolved": "https://registry.npmjs.org/dicom-parser/-/dicom-parser-1.7.6.tgz",
      "from": "dicom-parser@1.7.6"
    },
    "hammerjs": {
      "version": "2.0.8",
      "resolved": "https://registry.npmjs.org/hammerjs/-/hammerjs-2.0.8.tgz",
      "from": "hammerjs@2.0.8"
    },
    "jquery": {
      "version": "2.1.4",
      "resolved": "https://registry.npmjs.org/jquery/-/jquery-2.1.4.tgz",
      "from": "jquery@>=2.1.0 <2.2.0"
    },
    "jquery-hammerjs": {
      "version": "2.0.0",
      "resolved": "https://registry.npmjs.org/jquery-hammerjs/-/jquery-hammerjs-2.0.0.tgz",
      "from": "jquery-hammerjs@2.0.0"
    }
  }
}
